PODS:
  - Flutter (1.0.0)
  - flutter_split (0.0.1):
    - Flutter
    - Split (~> 2.11.5)
  - Split (2.11.5)

DEPENDENCIES:
  - Flutter (from `Flutter`)
  - flutter_split (from `.symlinks/plugins/flutter_split/ios`)

SPEC REPOS:
  trunk:
    - Split

EXTERNAL SOURCES:
  Flutter:
    :path: Flutter
  flutter_split:
    :path: ".symlinks/plugins/flutter_split/ios"

SPEC CHECKSUMS:
  Flutter: 434fef37c0980e73bb6479ef766c45957d4b510c
  flutter_split: 714e6a2b83e705a15dfd0b0166ea745f734afa4c
  Split: 28d583c1414210eb0db44df9d75ae945367f2f0e

PODFILE CHECKSUM: aafe91acc616949ddb318b77800a7f51bffa2a4c

COCOAPODS: 1.10.1
