PODS:
  - Flutter (1.0.0)
  - flutter_split (0.0.1):
    - Flutter
    - Split (~> 2.11.0)
  - Split (2.11.1)

DEPENDENCIES:
  - Flutter (from `Flutter`)
  - flutter_split (from `.symlinks/plugins/flutter_split/ios`)

SPEC REPOS:
  trunk:
    - Split

EXTERNAL SOURCES:
  Flutter:
    :path: Flutter
  flutter_split:
    :path: ".symlinks/plugins/flutter_split/ios"

SPEC CHECKSUMS:
  Flutter: 0e3d915762c693b495b44d77113d4970485de6ec
  flutter_split: f2bbb1b1916c189750fc4d4b0df2ac904d245556
  Split: 02e9be61e4859c39643b5d4ae350b50a092f2990

PODFILE CHECKSUM: aafe91acc616949ddb318b77800a7f51bffa2a4c

COCOAPODS: 1.10.1
